
Microsoft Visual Studio Solution File, Format Version 12.00
# Visual Studio 15
VisualStudioVersion = 15.0.28307.421
MinimumVisualStudioVersion = 10.0.40219.1
Project("{F184B08F-C81C-45F6-A57F-5ABD9991F28F}") = "Restaurant_Booking_System-Andrew_Youssef", "Restaurant_Booking_System-Andrew_Youssef\Restaurant_Booking_System-Andrew_Youssef.vbproj", "{4E6E98F9-A824-4272-B946-0CD2CC461C68}"
EndProject
Global
	GlobalSection(SolutionConfigurationPlatforms) = preSolution
		Debug|Any CPU = Debug|Any CPU
		Release|Any CPU = Release|Any CPU
	EndGlobalSection
	GlobalSection(ProjectConfigurationPlatforms) = postSolution
		{4E6E98F9-A824-4272-B946-0CD2CC461C68}.Debug|Any CPU.ActiveCfg = Debug|Any CPU
		{4E6E98F9-A824-4272-B946-0CD2CC461C68}.Debug|Any CPU.Build.0 = Debug|Any CPU
		{4E6E98F9-A824-4272-B946-0CD2CC461C68}.Release|Any CPU.ActiveCfg = Release|Any CPU
		{4E6E98F9-A824-4272-B946-0CD2CC461C68}.Release|Any CPU.Build.0 = Release|Any CPU
	EndGlobalSection
	GlobalSection(SolutionProperties) = preSolution
		HideSolutionNode = FALSE
	EndGlobalSection
	GlobalSection(ExtensibilityGlobals) = postSolution
		SolutionGuid = {611BF757-87A7-4DF1-90FE-E87947A5E6F5}
	EndGlobalSection
EndGlobal
